
Microsoft Visual Studio Solution File, Format Version 12.00
# Visual Studio Version 17
VisualStudioVersion = 17.9.34607.119
MinimumVisualStudioVersion = 10.0.40219.1
Project("{FAE04EC0-301F-11D3-BF4B-00C04F79EFBC}") = "FinalExam", "FinalExam.csproj", "{8C4EFEA9-7A92-455A-9D51-3464CF5EF435}"
EndProject
Project("{FAE04EC0-301F-11D3-BF4B-00C04F79EFBC}") = "UnitTests", "..\UnitTests\UnitTests.csproj", "{7639C09B-62E5-4BE0-BC1E-9F2507CA4397}"
EndProject
Global
	GlobalSection(SolutionConfigurationPlatforms) = preSolution
		Debug|Any CPU = Debug|Any CPU
		Release|Any CPU = Release|Any CPU
	EndGlobalSection
	GlobalSection(ProjectConfigurationPlatforms) = postSolution
		{8C4EFEA9-7A92-455A-9D51-3464CF5EF435}.Debug|Any CPU.ActiveCfg = Debug|Any CPU
		{8C4EFEA9-7A92-455A-9D51-3464CF5EF435}.Debug|Any CPU.Build.0 = Debug|Any CPU
		{8C4EFEA9-7A92-455A-9D51-3464CF5EF435}.Release|Any CPU.ActiveCfg = Release|Any CPU
		{8C4EFEA9-7A92-455A-9D51-3464CF5EF435}.Release|Any CPU.Build.0 = Release|Any CPU
		{7639C09B-62E5-4BE0-BC1E-9F2507CA4397}.Debug|Any CPU.ActiveCfg = Debug|Any CPU
		{7639C09B-62E5-4BE0-BC1E-9F2507CA4397}.Debug|Any CPU.Build.0 = Debug|Any CPU
		{7639C09B-62E5-4BE0-BC1E-9F2507CA4397}.Release|Any CPU.ActiveCfg = Release|Any CPU
		{7639C09B-62E5-4BE0-BC1E-9F2507CA4397}.Release|Any CPU.Build.0 = Release|Any CPU
	EndGlobalSection
	GlobalSection(SolutionProperties) = preSolution
		HideSolutionNode = FALSE
	EndGlobalSection
	GlobalSection(ExtensibilityGlobals) = postSolution
		SolutionGuid = {C8723CC8-B395-4069-A767-6A527727D481}
	EndGlobalSection
EndGlobal
